
Microsoft Visual Studio Solution File, Format Version 12.00
# Visual Studio 15
Project("{FAE04EC0-301F-11D3-BF4B-00C04F79EFBC}") = "Assembly-CSharp", "Assembly-CSharp.csproj", "{E6D0797B-EB1C-F213-1CE3-B23A7C18809F}"
EndProject
Project("{FAE04EC0-301F-11D3-BF4B-00C04F79EFBC}") = "Assembly-CSharp-Editor", "Assembly-CSharp-Editor.csproj", "{95620585-C500-CB9F-29E0-61BD1A02FA9D}"
EndProject
Global
	GlobalSection(SolutionConfigurationPlatforms) = preSolution
		Debug|Any CPU = Debug|Any CPU
		Release|Any CPU = Release|Any CPU
	EndGlobalSection
	GlobalSection(ProjectConfigurationPlatforms) = postSolution
		{E6D0797B-EB1C-F213-1CE3-B23A7C18809F}.Debug|Any CPU.ActiveCfg = Debug|Any CPU
		{E6D0797B-EB1C-F213-1CE3-B23A7C18809F}.Debug|Any CPU.Build.0 = Debug|Any CPU
		{E6D0797B-EB1C-F213-1CE3-B23A7C18809F}.Release|Any CPU.ActiveCfg = Release|Any CPU
		{E6D0797B-EB1C-F213-1CE3-B23A7C18809F}.Release|Any CPU.Build.0 = Release|Any CPU
		{95620585-C500-CB9F-29E0-61BD1A02FA9D}.Debug|Any CPU.ActiveCfg = Debug|Any CPU
		{95620585-C500-CB9F-29E0-61BD1A02FA9D}.Debug|Any CPU.Build.0 = Debug|Any CPU
		{95620585-C500-CB9F-29E0-61BD1A02FA9D}.Release|Any CPU.ActiveCfg = Release|Any CPU
		{95620585-C500-CB9F-29E0-61BD1A02FA9D}.Release|Any CPU.Build.0 = Release|Any CPU
	EndGlobalSection
	GlobalSection(SolutionProperties) = preSolution
		HideSolutionNode = FALSE
	EndGlobalSection
EndGlobal
